
Microsoft Visual Studio Solution File, Format Version 12.00
# Visual Studio Version 17
VisualStudioVersion = 17.13.35931.197 d17.13
MinimumVisualStudioVersion = 10.0.40219.1
Project("{FAE04EC0-301F-11D3-BF4B-00C04F79EFBC}") = "day8practiceassignment1", "day8practiceassignment1.csproj", "{5AA390D4-64C0-4553-8932-2BFBF56AA1DE}"
EndProject
Global
	GlobalSection(SolutionConfigurationPlatforms) = preSolution
		Debug|Any CPU = Debug|Any CPU
		Release|Any CPU = Release|Any CPU
	EndGlobalSection
	GlobalSection(ProjectConfigurationPlatforms) = postSolution
		{5AA390D4-64C0-4553-8932-2BFBF56AA1DE}.Debug|Any CPU.ActiveCfg = Debug|Any CPU
		{5AA390D4-64C0-4553-8932-2BFBF56AA1DE}.Debug|Any CPU.Build.0 = Debug|Any CPU
		{5AA390D4-64C0-4553-8932-2BFBF56AA1DE}.Release|Any CPU.ActiveCfg = Release|Any CPU
		{5AA390D4-64C0-4553-8932-2BFBF56AA1DE}.Release|Any CPU.Build.0 = Release|Any CPU
	EndGlobalSection
	GlobalSection(SolutionProperties) = preSolution
		HideSolutionNode = FALSE
	EndGlobalSection
	GlobalSection(ExtensibilityGlobals) = postSolution
		SolutionGuid = {8CE05630-70BD-48C3-BAAD-E7FCEF8BA5BB}
	EndGlobalSection
EndGlobal
